
Microsoft Visual Studio Solution File, Format Version 12.00
# Visual Studio Version 17
VisualStudioVersion = 17.10.34928.147
MinimumVisualStudioVersion = 10.0.40219.1
Project("{FAE04EC0-301F-11D3-BF4B-00C04F79EFBC}") = "NoteCheck", "NoteCheck\NoteCheck.csproj", "{F2FBC1C7-5AE9-43A8-8475-878CD23AEFB6}"
EndProject
Global
	GlobalSection(SolutionConfigurationPlatforms) = preSolution
		Debug|Any CPU = Debug|Any CPU
		Release|Any CPU = Release|Any CPU
	EndGlobalSection
	GlobalSection(ProjectConfigurationPlatforms) = postSolution
		{F2FBC1C7-5AE9-43A8-8475-878CD23AEFB6}.Debug|Any CPU.ActiveCfg = Debug|Any CPU
		{F2FBC1C7-5AE9-43A8-8475-878CD23AEFB6}.Debug|Any CPU.Build.0 = Debug|Any CPU
		{F2FBC1C7-5AE9-43A8-8475-878CD23AEFB6}.Release|Any CPU.ActiveCfg = Release|Any CPU
		{F2FBC1C7-5AE9-43A8-8475-878CD23AEFB6}.Release|Any CPU.Build.0 = Release|Any CPU
	EndGlobalSection
	GlobalSection(SolutionProperties) = preSolution
		HideSolutionNode = FALSE
	EndGlobalSection
	GlobalSection(ExtensibilityGlobals) = postSolution
		SolutionGuid = {DC51CD29-A739-4B7D-8183-E141D29CB1B9}
	EndGlobalSection
EndGlobal
